
Microsoft Visual Studio Solution File, Format Version 10.00
# Visual Studio 2008
Project("{E17AB4A1-DF35-4579-9E91-0CFFBFB6391A}") = "HostileWorlds", "HostileWorlds.ucproj", "{2E14999C-48F3-4DD2-8E1C-10ACA9D539B3}"
EndProject
Global
	GlobalSection(SolutionConfigurationPlatforms) = preSolution
		Debug|Win32 = Debug|Win32
		Release|Win32 = Release|Win32
	EndGlobalSection
	GlobalSection(ProjectConfigurationPlatforms) = postSolution
		{2E14999C-48F3-4DD2-8E1C-10ACA9D539B3}.Debug|Win32.ActiveCfg = Debug|Win32
		{2E14999C-48F3-4DD2-8E1C-10ACA9D539B3}.Debug|Win32.Build.0 = Debug|Win32
		{2E14999C-48F3-4DD2-8E1C-10ACA9D539B3}.Release|Win32.ActiveCfg = Release|Win32
		{2E14999C-48F3-4DD2-8E1C-10ACA9D539B3}.Release|Win32.Build.0 = Release|Win32
	EndGlobalSection
	GlobalSection(SolutionProperties) = preSolution
		HideSolutionNode = FALSE
	EndGlobalSection
EndGlobal
